{
  "version": 4,
  "terraform_version": "1.4.0",
  "serial": 8,
  "lineage": "9858945f-16a8-4adb-f1a5-96a5330fdde6",
  "outputs": {
    "cluster_name": {
      "value": "yourname-devops-cluster",
      "type": "string"
    },
    "log_group_name": {
      "value": "/ecs/yourname-devops-cluster-webapp",
      "type": "string"
    },
    "next_steps": {
      "value": "Your infrastructure is ready! Next steps:\n\n1. Check ECS Console: https://console.aws.amazon.com/ecs/home?region=us-east-1#/clusters/yourname-devops-cluster\n2. Find your running task and get its public IP\n3. Open http://[PUBLIC_IP] in your browser\n4. Check logs in CloudWatch: https://console.aws.amazon.com/cloudwatch/home?region=us-east-1#logStream:group=/ecs/yourname-devops-cluster-webapp\n\nTo get the public IP via CLI:\naws ecs list-tasks --cluster yourname-devops-cluster --service-name yourname-devops-cluster-webapp-service\n",
      "type": "string"
    },
    "security_group_id": {
      "value": "sg-0eb1e27f9f540cebb",
      "type": "string"
    },
    "service_name": {
      "value": "yourname-devops-cluster-webapp-service",
      "type": "string"
    },
    "task_definition_arn": {
      "value": "arn:aws:ecs:us-east-1:430118817587:task-definition/yourname-devops-cluster-webapp:1",
      "type": "string"
    }
  },
  "resources": [
    {
      "mode": "data",
      "type": "aws_subnets",
      "name": "default",
      "provider": "provider[\"registry.terraform.io/hashicorp/aws\"]",
      "instances": [
        {
          "schema_version": 0,
          "attributes": {
            "filter": [
              {
                "name": "vpc-id",
                "values": [
                  "vpc-09499a6f5bad9a5da"
                ]
              }
            ],
            "id": "us-east-1",
            "ids": [
              "subnet-03193de285d9c917f",
              "subnet-024f5781cdac72600",
              "subnet-0ff3fb895fafe3d65",
              "subnet-09df10f2fa3900a5a",
              "subnet-034a79ba731e7bb42",
              "subnet-0e3455a9f81ed1548"
            ],
            "tags": null,
            "timeouts": null
          },
          "sensitive_attributes": []
        }
      ]
    },
    {
      "mode": "data",
      "type": "aws_vpc",
      "name": "default",
      "provider": "provider[\"registry.terraform.io/hashicorp/aws\"]",
      "instances": [
        {
          "schema_version": 0,
          "attributes": {
            "arn": "arn:aws:ec2:us-east-1:430118817587:vpc/vpc-09499a6f5bad9a5da",
            "cidr_block": "172.31.0.0/16",
            "cidr_block_associations": [
              {
                "association_id": "vpc-cidr-assoc-011f40bc22683ee22",
                "cidr_block": "172.31.0.0/16",
                "state": "associated"
              }
            ],
            "default": true,
            "dhcp_options_id": "dopt-0866fd24a5a751d36",
            "enable_dns_hostnames": true,
            "enable_dns_support": true,
            "enable_network_address_usage_metrics": false,
            "filter": null,
            "id": "vpc-09499a6f5bad9a5da",
            "instance_tenancy": "default",
            "ipv6_association_id": "",
            "ipv6_cidr_block": "",
            "main_route_table_id": "rtb-07419f6b635fac74e",
            "owner_id": "430118817587",
            "state": null,
            "tags": {
              "Name": "default"
            },
            "timeouts": null
          },
          "sensitive_attributes": []
        }
      ]
    },
    {
      "mode": "managed",
      "type": "aws_cloudwatch_log_group",
      "name": "webapp",
      "provider": "provider[\"registry.terraform.io/hashicorp/aws\"]",
      "instances": [
        {
          "schema_version": 0,
          "attributes": {
            "arn": "arn:aws:logs:us-east-1:430118817587:log-group:/ecs/yourname-devops-cluster-webapp",
            "id": "/ecs/yourname-devops-cluster-webapp",
            "kms_key_id": "",
            "log_group_class": "STANDARD",
            "name": "/ecs/yourname-devops-cluster-webapp",
            "name_prefix": "",
            "retention_in_days": 7,
            "skip_destroy": false,
            "tags": {
              "Environment": "dev",
              "Name": "yourname-devops-cluster-webapp-logs"
            },
            "tags_all": {
              "Environment": "dev",
              "Name": "yourname-devops-cluster-webapp-logs"
            }
          },
          "sensitive_attributes": [],
          "private": "bnVsbA=="
        }
      ]
    },
    {
      "mode": "managed",
      "type": "aws_ecs_cluster",
      "name": "main",
      "provider": "provider[\"registry.terraform.io/hashicorp/aws\"]",
      "instances": [
        {
          "schema_version": 0,
          "attributes": {
            "arn": "arn:aws:ecs:us-east-1:430118817587:cluster/yourname-devops-cluster",
            "configuration": [],
            "id": "arn:aws:ecs:us-east-1:430118817587:cluster/yourname-devops-cluster",
            "name": "yourname-devops-cluster",
            "service_connect_defaults": [],
            "setting": [
              {
                "name": "containerInsights",
                "value": "disabled"
              }
            ],
            "tags": {
              "Environment": "dev",
              "Name": "yourname-devops-cluster",
              "Project": "aws-infrastructure"
            },
            "tags_all": {
              "Environment": "dev",
              "Name": "yourname-devops-cluster",
              "Project": "aws-infrastructure"
            }
          },
          "sensitive_attributes": [],
          "private": "bnVsbA=="
        }
      ]
    },
    {
      "mode": "managed",
      "type": "aws_ecs_service",
      "name": "webapp",
      "provider": "provider[\"registry.terraform.io/hashicorp/aws\"]",
      "instances": [
        {
          "schema_version": 1,
          "attributes": {
            "alarms": [],
            "availability_zone_rebalancing": "DISABLED",
            "capacity_provider_strategy": [],
            "cluster": "arn:aws:ecs:us-east-1:430118817587:cluster/yourname-devops-cluster",
            "deployment_circuit_breaker": [
              {
                "enable": false,
                "rollback": false
              }
            ],
            "deployment_controller": [
              {
                "type": "ECS"
              }
            ],
            "deployment_maximum_percent": 200,
            "deployment_minimum_healthy_percent": 100,
            "desired_count": 1,
            "enable_ecs_managed_tags": false,
            "enable_execute_command": false,
            "force_delete": null,
            "force_new_deployment": null,
            "health_check_grace_period_seconds": 0,
            "iam_role": "/aws-service-role/ecs.amazonaws.com/AWSServiceRoleForECS",
            "id": "arn:aws:ecs:us-east-1:430118817587:service/yourname-devops-cluster/yourname-devops-cluster-webapp-service",
            "launch_type": "FARGATE",
            "load_balancer": [],
            "name": "yourname-devops-cluster-webapp-service",
            "network_configuration": [
              {
                "assign_public_ip": true,
                "security_groups": [
                  "sg-0eb1e27f9f540cebb"
                ],
                "subnets": [
                  "subnet-024f5781cdac72600",
                  "subnet-03193de285d9c917f",
                  "subnet-034a79ba731e7bb42",
                  "subnet-09df10f2fa3900a5a",
                  "subnet-0e3455a9f81ed1548",
                  "subnet-0ff3fb895fafe3d65"
                ]
              }
            ],
            "ordered_placement_strategy": [],
            "placement_constraints": [],
            "platform_version": "LATEST",
            "propagate_tags": "NONE",
            "scheduling_strategy": "REPLICA",
            "service_connect_configuration": [],
            "service_registries": [],
            "tags": {
              "Environment": "dev",
              "Name": "yourname-devops-cluster-webapp-service"
            },
            "tags_all": {
              "Environment": "dev",
              "Name": "yourname-devops-cluster-webapp-service"
            },
            "task_definition": "arn:aws:ecs:us-east-1:430118817587:task-definition/yourname-devops-cluster-webapp:1",
            "timeouts": null,
            "triggers": {},
            "volume_configuration": [],
            "vpc_lattice_configurations": [],
            "wait_for_steady_state": false
          },
          "sensitive_attributes": [],
          "private": "eyJlMmJmYjczMC1lY2FhLTExZTYtOGY4OC0zNDM2M2JjN2M0YzAiOnsiY3JlYXRlIjoxMjAwMDAwMDAwMDAwLCJkZWxldGUiOjEyMDAwMDAwMDAwMDAsInVwZGF0ZSI6MTIwMDAwMDAwMDAwMH0sInNjaGVtYV92ZXJzaW9uIjoiMSJ9",
          "dependencies": [
            "aws_cloudwatch_log_group.webapp",
            "aws_ecs_cluster.main",
            "aws_ecs_task_definition.webapp",
            "aws_iam_role.ecs_execution_role",
            "aws_security_group.webapp_sg",
            "data.aws_subnets.default",
            "data.aws_vpc.default"
          ]
        }
      ]
    },
    {
      "mode": "managed",
      "type": "aws_ecs_task_definition",
      "name": "webapp",
      "provider": "provider[\"registry.terraform.io/hashicorp/aws\"]",
      "instances": [
        {
          "schema_version": 1,
          "attributes": {
            "arn": "arn:aws:ecs:us-east-1:430118817587:task-definition/yourname-devops-cluster-webapp:1",
            "arn_without_revision": "arn:aws:ecs:us-east-1:430118817587:task-definition/yourname-devops-cluster-webapp",
            "container_definitions": "[{\"environment\":[{\"name\":\"ENVIRONMENT\",\"value\":\"dev\"}],\"essential\":true,\"image\":\"nginx:latest\",\"logConfiguration\":{\"logDriver\":\"awslogs\",\"options\":{\"awslogs-group\":\"/ecs/yourname-devops-cluster-webapp\",\"awslogs-region\":\"us-east-1\",\"awslogs-stream-prefix\":\"ecs\"}},\"mountPoints\":[],\"name\":\"webapp\",\"portMappings\":[{\"containerPort\":80,\"hostPort\":80,\"protocol\":\"tcp\"}],\"systemControls\":[],\"volumesFrom\":[]}]",
            "cpu": "256",
            "enable_fault_injection": false,
            "ephemeral_storage": [],
            "execution_role_arn": "arn:aws:iam::430118817587:role/yourname-devops-cluster-ecs-execution-role",
            "family": "yourname-devops-cluster-webapp",
            "id": "yourname-devops-cluster-webapp",
            "inference_accelerator": [],
            "ipc_mode": "",
            "memory": "512",
            "network_mode": "awsvpc",
            "pid_mode": "",
            "placement_constraints": [],
            "proxy_configuration": [],
            "requires_compatibilities": [
              "FARGATE"
            ],
            "revision": 1,
            "runtime_platform": [],
            "skip_destroy": false,
            "tags": {
              "Environment": "dev",
              "Name": "yourname-devops-cluster-webapp-task"
            },
            "tags_all": {
              "Environment": "dev",
              "Name": "yourname-devops-cluster-webapp-task"
            },
            "task_role_arn": "",
            "track_latest": false,
            "volume": []
          },
          "sensitive_attributes": [],
          "private": "eyJzY2hlbWFfdmVyc2lvbiI6IjEifQ==",
          "dependencies": [
            "aws_cloudwatch_log_group.webapp",
            "aws_iam_role.ecs_execution_role"
          ]
        }
      ]
    },
    {
      "mode": "managed",
      "type": "aws_iam_role",
      "name": "ecs_execution_role",
      "provider": "provider[\"registry.terraform.io/hashicorp/aws\"]",
      "instances": [
        {
          "schema_version": 0,
          "attributes": {
            "arn": "arn:aws:iam::430118817587:role/yourname-devops-cluster-ecs-execution-role",
            "assume_role_policy": "{\"Statement\":[{\"Action\":\"sts:AssumeRole\",\"Effect\":\"Allow\",\"Principal\":{\"Service\":\"ecs-tasks.amazonaws.com\"}}],\"Version\":\"2012-10-17\"}",
            "create_date": "2025-06-19T12:59:16Z",
            "description": "",
            "force_detach_policies": false,
            "id": "yourname-devops-cluster-ecs-execution-role",
            "inline_policy": [],
            "managed_policy_arns": [],
            "max_session_duration": 3600,
            "name": "yourname-devops-cluster-ecs-execution-role",
            "name_prefix": "",
            "path": "/",
            "permissions_boundary": "",
            "tags": {
              "Environment": "dev",
              "Name": "yourname-devops-cluster-ecs-execution-role"
            },
            "tags_all": {
              "Environment": "dev",
              "Name": "yourname-devops-cluster-ecs-execution-role"
            },
            "unique_id": "AROAWIJIUJ4ZWHGWKX64M"
          },
          "sensitive_attributes": [],
          "private": "bnVsbA=="
        }
      ]
    },
    {
      "mode": "managed",
      "type": "aws_iam_role_policy_attachment",
      "name": "ecs_execution_role_policy",
      "provider": "provider[\"registry.terraform.io/hashicorp/aws\"]",
      "instances": [
        {
          "schema_version": 0,
          "attributes": {
            "id": "yourname-devops-cluster-ecs-execution-role-20250619125916606600000001",
            "policy_arn": "arn:aws:iam::aws:policy/service-role/AmazonECSTaskExecutionRolePolicy",
            "role": "yourname-devops-cluster-ecs-execution-role"
          },
          "sensitive_attributes": [],
          "private": "bnVsbA==",
          "dependencies": [
            "aws_iam_role.ecs_execution_role"
          ]
        }
      ]
    },
    {
      "mode": "managed",
      "type": "aws_security_group",
      "name": "webapp_sg",
      "provider": "provider[\"registry.terraform.io/hashicorp/aws\"]",
      "instances": [
        {
          "schema_version": 1,
          "attributes": {
            "arn": "arn:aws:ec2:us-east-1:430118817587:security-group/sg-0eb1e27f9f540cebb",
            "description": "Security group for web application",
            "egress": [
              {
                "cidr_blocks": [
                  "0.0.0.0/0"
                ],
                "description": "",
                "from_port": 0,
                "ipv6_cidr_blocks": [],
                "prefix_list_ids": [],
                "protocol": "-1",
                "security_groups": [],
                "self": false,
                "to_port": 0
              }
            ],
            "id": "sg-0eb1e27f9f540cebb",
            "ingress": [
              {
                "cidr_blocks": [
                  "0.0.0.0/0"
                ],
                "description": "",
                "from_port": 80,
                "ipv6_cidr_blocks": [],
                "prefix_list_ids": [],
                "protocol": "tcp",
                "security_groups": [],
                "self": false,
                "to_port": 80
              }
            ],
            "name": "yourname-devops-cluster-webapp-sg",
            "name_prefix": "",
            "owner_id": "430118817587",
            "revoke_rules_on_delete": false,
            "tags": {
              "Environment": "dev",
              "Name": "yourname-devops-cluster-webapp-sg"
            },
            "tags_all": {
              "Environment": "dev",
              "Name": "yourname-devops-cluster-webapp-sg"
            },
            "timeouts": null,
            "vpc_id": "vpc-09499a6f5bad9a5da"
          },
          "sensitive_attributes": [],
          "private": "eyJlMmJmYjczMC1lY2FhLTExZTYtOGY4OC0zNDM2M2JjN2M0YzAiOnsiY3JlYXRlIjo2MDAwMDAwMDAwMDAsImRlbGV0ZSI6OTAwMDAwMDAwMDAwfSwic2NoZW1hX3ZlcnNpb24iOiIxIn0=",
          "dependencies": [
            "data.aws_vpc.default"
          ]
        }
      ]
    }
  ],
  "check_results": null
}
